// !$*UTF8*$!
{
	archiveVersion = 1;
	classes = {
	};
	objectVersion = 55;
	objects = {

/* Begin PBXBuildFile section */
		505373BA2886E7570049752F /* AppDelegate.swift in Sources */ = {isa = PBXBuildFile; fileRef = 505373B92886E7570049752F /* AppDelegate.swift */; };
		505373BC2886E7570049752F /* SceneDelegate.swift in Sources */ = {isa = PBXBuildFile; fileRef = 505373BB2886E7570049752F /* SceneDelegate.swift */; };
		505373C12886E7570049752F /* Main.storyboard in Resources */ = {isa = PBXBuildFile; fileRef = 505373BF2886E7570049752F /* Main.storyboard */; };
		505373C42886E7570049752F /* Day_6_NH.xcdatamodeld in Sources */ = {isa = PBXBuildFile; fileRef = 505373C22886E7570049752F /* Day_6_NH.xcdatamodeld */; };
		505373C62886E7590049752F /* Assets.xcassets in Resources */ = {isa = PBXBuildFile; fileRef = 505373C52886E7590049752F /* Assets.xcassets */; };
		505373C92886E7590049752F /* LaunchScreen.storyboard in Resources */ = {isa = PBXBuildFile; fileRef = 505373C72886E7590049752F /* LaunchScreen.storyboard */; };
		505373D42886E7590049752F /* Day_6_NHTests.swift in Sources */ = {isa = PBXBuildFile; fileRef = 505373D32886E7590049752F /* Day_6_NHTests.swift */; };
		505373DE2886E7590049752F /* Day_6_NHUITests.swift in Sources */ = {isa = PBXBuildFile; fileRef = 505373DD2886E7590049752F /* Day_6_NHUITests.swift */; };
		505373E02886E7590049752F /* Day_6_NHUITestsLaunchTests.swift in Sources */ = {isa = PBXBuildFile; fileRef = 505373DF2886E7590049752F /* Day_6_NHUITestsLaunchTests.swift */; };
		505373ED2886E98E0049752F /* 1.swift in Sources */ = {isa = PBXBuildFile; fileRef = 505373EC2886E98E0049752F /* 1.swift */; };
		505373EF2886EA490049752F /* ToDo.swift in Sources */ = {isa = PBXBuildFile; fileRef = 505373EE2886EA490049752F /* ToDo.swift */; };
/* End PBXBuildFile section */

/* Begin PBXContainerItemProxy section */
		505373D02886E7590049752F /* PBXContainerItemProxy */ = {
			isa = PBXContainerItemProxy;
			containerPortal = 505373AE2886E7570049752F /* Project object */;
			proxyType = 1;
			remoteGlobalIDString = 505373B52886E7570049752F;
			remoteInfo = "Day 6 NH";
		};
		505373DA2886E7590049752F /* PBXContainerItemProxy */ = {
			isa = PBXContainerItemProxy;
			containerPortal = 505373AE2886E7570049752F /* Project object */;
			proxyType = 1;
			remoteGlobalIDString = 505373B52886E7570049752F;
			remoteInfo = "Day 6 NH";
		};
/* End PBXContainerItemProxy section */

/* Begin PBXFileReference section */
		505373B62886E7570049752F /* Day 6 NH.app */ = {isa = PBXFileReference; explicitFileType = wrapper.application; includeInIndex = 0; path = "Day 6 NH.app"; sourceTree = BUILT_PRODUCTS_DIR; };
		505373B92886E7570049752F /* AppDelegate.swift */ = {isa = PBXFileReference; lastKnownFileType = sourcecode.swift; path = AppDelegate.swift; sourceTree = "<group>"; };
		505373BB2886E7570049752F /* SceneDelegate.swift */ = {isa = PBXFileReference; lastKnownFileType = sourcecode.swift; path = SceneDelegate.swift; sourceTree = "<group>"; };
		505373C02886E7570049752F /* Base */ = {isa = PBXFileReference; lastKnownFileType = file.storyboard; name = Base; path = Base.lproj/Main.storyboard; sourceTree = "<group>"; };
		505373C32886E7570049752F /* Day_6_NH.xcdatamodel */ = {isa = PBXFileReference; lastKnownFileType = wrapper.xcdatamodel; path = Day_6_NH.xcdatamodel; sourceTree = "<group>"; };
		505373C52886E7590049752F /* Assets.xcassets */ = {isa = PBXFileReference; lastKnownFileType = folder.assetcatalog; path = Assets.xcassets; sourceTree = "<group>"; };
		505373C82886E7590049752F /* Base */ = {isa = PBXFileReference; lastKnownFileType = file.storyboard; name = Base; path = Base.lproj/LaunchScreen.storyboard; sourceTree = "<group>"; };
		505373CA2886E7590049752F /* Info.plist */ = {isa = PBXFileReference; lastKnownFileType = text.plist.xml; path = Info.plist; sourceTree = "<group>"; };
		505373CF2886E7590049752F /* Day 6 NHTests.xctest */ = {isa = PBXFileReference; explicitFileType = wrapper.cfbundle; includeInIndex = 0; path = "Day 6 NHTests.xctest"; sourceTree = BUILT_PRODUCTS_DIR; };
		505373D32886E7590049752F /* Day_6_NHTests.swift */ = {isa = PBXFileReference; lastKnownFileType = sourcecode.swift; path = Day_6_NHTests.swift; sourceTree = "<group>"; };
		505373D92886E7590049752F /* Day 6 NHUITests.xctest */ = {isa = PBXFileReference; explicitFileType = wrapper.cfbundle; includeInIndex = 0; path = "Day 6 NHUITests.xctest"; sourceTree = BUILT_PRODUCTS_DIR; };
		505373DD2886E7590049752F /* Day_6_NHUITests.swift */ = {isa = PBXFileReference; lastKnownFileType = sourcecode.swift; path = Day_6_NHUITests.swift; sourceTree = "<group>"; };
		505373DF2886E7590049752F /* Day_6_NHUITestsLaunchTests.swift */ = {isa = PBXFileReference; lastKnownFileType = sourcecode.swift; path = Day_6_NHUITestsLaunchTests.swift; sourceTree = "<group>"; };
		505373EC2886E98E0049752F /* 1.swift */ = {isa = PBXFileReference; lastKnownFileType = sourcecode.swift; path = 1.swift; sourceTree = "<group>"; };
		505373EE2886EA490049752F /* ToDo.swift */ = {isa = PBXFileReference; lastKnownFileType = sourcecode.swift; path = ToDo.swift; sourceTree = "<group>"; };
/* End PBXFileReference section */

/* Begin PBXFrameworksBuildPhase section */
		505373B32886E7570049752F /* Frameworks */ = {
			isa = PBXFrameworksBuildPhase;
			buildActionMask = 2147483647;
			files = (
			);
			runOnlyForDeploymentPostprocessing = 0;
		};
		505373CC2886E7590049752F /* Frameworks */ = {
			isa = PBXFrameworksBuildPhase;
			buildActionMask = 2147483647;
			files = (
			);
			runOnlyForDeploymentPostprocessing = 0;
		};
		505373D62886E7590049752F /* Frameworks */ = {
			isa = PBXFrameworksBuildPhase;
			buildActionMask = 2147483647;
			files = (
			);
			runOnlyForDeploymentPostprocessing = 0;
		};
/* End PBXFrameworksBuildPhase section */

/* Begin PBXGroup section */
		505373AD2886E7570049752F = {
			isa = PBXGroup;
			children = (
				505373B82886E7570049752F /* Day 6 NH */,
				505373D22886E7590049752F /* Day 6 NHTests */,
				505373DC2886E7590049752F /* Day 6 NHUITests */,
				505373B72886E7570049752F /* Products */,
			);
			sourceTree = "<group>";
		};
		505373B72886E7570049752F /* Products */ = {
			isa = PBXGroup;
			children = (
				505373B62886E7570049752F /* Day 6 NH.app */,
				505373CF2886E7590049752F /* Day 6 NHTests.xctest */,
				505373D92886E7590049752F /* Day 6 NHUITests.xctest */,
			);
			name = Products;
			sourceTree = "<group>";
		};
		505373B82886E7570049752F /* Day 6 NH */ = {
			isa = PBXGroup;
			children = (
				505373B92886E7570049752F /* AppDelegate.swift */,
				505373BB2886E7570049752F /* SceneDelegate.swift */,
				505373BF2886E7570049752F /* Main.storyboard */,
				505373EE2886EA490049752F /* ToDo.swift */,
				505373EC2886E98E0049752F /* 1.swift */,
				505373C52886E7590049752F /* Assets.xcassets */,
				505373C72886E7590049752F /* LaunchScreen.storyboard */,
				505373CA2886E7590049752F /* Info.plist */,
				505373C22886E7570049752F /* Day_6_NH.xcdatamodeld */,
			);
			path = "Day 6 NH";
			sourceTree = "<group>";
		};
		505373D22886E7590049752F /* Day 6 NHTests */ = {
			isa = PBXGroup;
			children = (
				505373D32886E7590049752F /* Day_6_NHTests.swift */,
			);
			path = "Day 6 NHTests";
			sourceTree = "<group>";
		};
		505373DC2886E7590049752F /* Day 6 NHUITests */ = {
			isa = PBXGroup;
			children = (
				505373DD2886E7590049752F /* Day_6_NHUITests.swift */,
				505373DF2886E7590049752F /* Day_6_NHUITestsLaunchTests.swift */,
			);
			path = "Day 6 NHUITests";
			sourceTree = "<group>";
		};
/* End PBXGroup section */

/* Begin PBXNativeTarget section */
		505373B52886E7570049752F /* Day 6 NH */ = {
			isa = PBXNativeTarget;
			buildConfigurationList = 505373E32886E7590049752F /* Build configuration list for PBXNativeTarget "Day 6 NH" */;
			buildPhases = (
				505373B22886E7570049752F /* Sources */,
				505373B32886E7570049752F /* Frameworks */,
				505373B42886E7570049752F /* Resources */,
			);
			buildRules = (
			);
			dependencies = (
			);
			name = "Day 6 NH";
			productName = "Day 6 NH";
			productReference = 505373B62886E7570049752F /* Day 6 NH.app */;
			productType = "com.apple.product-type.application";
		};
		505373CE2886E7590049752F /* Day 6 NHTests */ = {
			isa = PBXNativeTarget;
			buildConfigurationList = 505373E62886E7590049752F /* Build configuration list for PBXNativeTarget "Day 6 NHTests" */;
			buildPhases = (
				505373CB2886E7590049752F /* Sources */,
				505373CC2886E7590049752F /* Frameworks */,
				505373CD2886E7590049752F /* Resources */,
			);
			buildRules = (
			);
			dependencies = (
				505373D12886E7590049752F /* PBXTargetDependency */,
			);
			name = "Day 6 NHTests";
			productName = "Day 6 NHTests";
			productReference = 505373CF2886E7590049752F /* Day 6 NHTests.xctest */;
			productType = "com.apple.product-type.bundle.unit-test";
		};
		505373D82886E7590049752F /* Day 6 NHUITests */ = {
			isa = PBXNativeTarget;
			buildConfigurationList = 505373E92886E7590049752F /* Build configuration list for PBXNativeTarget "Day 6 NHUITests" */;
			buildPhases = (
				505373D52886E7590049752F /* Sources */,
				505373D62886E7590049752F /* Frameworks */,
				505373D72886E7590049752F /* Resources */,
			);
			buildRules = (
			);
			dependencies = (
				505373DB2886E7590049752F /* PBXTargetDependency */,
			);
			name = "Day 6 NHUITests";
			productName = "Day 6 NHUITests";
			productReference = 505373D92886E7590049752F /* Day 6 NHUITests.xctest */;
			productType = "com.apple.product-type.bundle.ui-testing";
		};
/* End PBXNativeTarget section */

/* Begin PBXProject section */
		505373AE2886E7570049752F /* Project object */ = {
			isa = PBXProject;
			attributes = {
				BuildIndependentTargetsInParallel = 1;
				LastSwiftUpdateCheck = 1340;
				LastUpgradeCheck = 1340;
				TargetAttributes = {
					505373B52886E7570049752F = {
						CreatedOnToolsVersion = 13.4.1;
					};
					505373CE2886E7590049752F = {
						CreatedOnToolsVersion = 13.4.1;
						TestTargetID = 505373B52886E7570049752F;
					};
					505373D82886E7590049752F = {
						CreatedOnToolsVersion = 13.4.1;
						TestTargetID = 505373B52886E7570049752F;
					};
				};
			};
			buildConfigurationList = 505373B12886E7570049752F /* Build configuration list for PBXProject "Day 6 NH" */;
			compatibilityVersion = "Xcode 13.0";
			developmentRegion = en;
			hasScannedForEncodings = 0;
			knownRegions = (
				en,
				Base,
			);
			mainGroup = 505373AD2886E7570049752F;
			productRefGroup = 505373B72886E7570049752F /* Products */;
			projectDirPath = "";
			projectRoot = "";
			targets = (
				505373B52886E7570049752F /* Day 6 NH */,
				505373CE2886E7590049752F /* Day 6 NHTests */,
				505373D82886E7590049752F /* Day 6 NHUITests */,
			);
		};
/* End PBXProject section */

/* Begin PBXResourcesBuildPhase section */
		505373B42886E7570049752F /* Resources */ = {
			isa = PBXResourcesBuildPhase;
			buildActionMask = 2147483647;
			files = (
				505373C92886E7590049752F /* LaunchScreen.storyboard in Resources */,
				505373C62886E7590049752F /* Assets.xcassets in Resources */,
				505373C12886E7570049752F /* Main.storyboard in Resources */,
			);
			runOnlyForDeploymentPostprocessing = 0;
		};
		505373CD2886E7590049752F /* Resources */ = {
			isa = PBXResourcesBuildPhase;
			buildActionMask = 2147483647;
			files = (
			);
			runOnlyForDeploymentPostprocessing = 0;
		};
		505373D72886E7590049752F /* Resources */ = {
			isa = PBXResourcesBuildPhase;
			buildActionMask = 2147483647;
			files = (
			);
			runOnlyForDeploymentPostprocessing = 0;
		};
/* End PBXResourcesBuildPhase section */

/* Begin PBXSourcesBuildPhase section */
		505373B22886E7570049752F /* Sources */ = {
			isa = PBXSourcesBuildPhase;
			buildActionMask = 2147483647;
			files = (
				505373C42886E7570049752F /* Day_6_NH.xcdatamodeld in Sources */,
				505373EF2886EA490049752F /* ToDo.swift in Sources */,
				505373BA2886E7570049752F /* AppDelegate.swift in Sources */,
				505373BC2886E7570049752F /* SceneDelegate.swift in Sources */,
				505373ED2886E98E0049752F /* 1.swift in Sources */,
			);
			runOnlyForDeploymentPostprocessing = 0;
		};
		505373CB2886E7590049752F /* Sources */ = {
			isa = PBXSourcesBuildPhase;
			buildActionMask = 2147483647;
			files = (
				505373D42886E7590049752F /* Day_6_NHTests.swift in Sources */,
			);
			runOnlyForDeploymentPostprocessing = 0;
		};
		505373D52886E7590049752F /* Sources */ = {
			isa = PBXSourcesBuildPhase;
			buildActionMask = 2147483647;
			files = (
				505373E02886E7590049752F /* Day_6_NHUITestsLaunchTests.swift in Sources */,
				505373DE2886E7590049752F /* Day_6_NHUITests.swift in Sources */,
			);
			runOnlyForDeploymentPostprocessing = 0;
		};
/* End PBXSourcesBuildPhase section */

/* Begin PBXTargetDependency section */
		505373D12886E7590049752F /* PBXTargetDependency */ = {
			isa = PBXTargetDependency;
			target = 505373B52886E7570049752F /* Day 6 NH */;
			targetProxy = 505373D02886E7590049752F /* PBXContainerItemProxy */;
		};
		505373DB2886E7590049752F /* PBXTargetDependency */ = {
			isa = PBXTargetDependency;
			target = 505373B52886E7570049752F /* Day 6 NH */;
			targetProxy = 505373DA2886E7590049752F /* PBXContainerItemProxy */;
		};
/* End PBXTargetDependency section */

/* Begin PBXVariantGroup section */
		505373BF2886E7570049752F /* Main.storyboard */ = {
			isa = PBXVariantGroup;
			children = (
				505373C02886E7570049752F /* Base */,
			);
			name = Main.storyboard;
			sourceTree = "<group>";
		};
		505373C72886E7590049752F /* LaunchScreen.storyboard */ = {
			isa = PBXVariantGroup;
			children = (
				505373C82886E7590049752F /* Base */,
			);
			name = LaunchScreen.storyboard;
			sourceTree = "<group>";
		};
/* End PBXVariantGroup section */

/* Begin XCBuildConfiguration section */
		505373E12886E7590049752F /* Debug */ = {
			isa = XCBuildConfiguration;
			buildSettings = {
				ALWAYS_SEARCH_USER_PATHS = NO;
				CLANG_ANALYZER_NONNULL = YES;
				CLANG_ANALYZER_NUMBER_OBJECT_CONVERSION = YES_AGGRESSIVE;
				CLANG_CXX_LANGUAGE_STANDARD = "gnu++17";
				CLANG_ENABLE_MODULES = YES;
				CLANG_ENABLE_OBJC_ARC = YES;
				CLANG_ENABLE_OBJC_WEAK = YES;
				CLANG_WARN_BLOCK_CAPTURE_AUTORELEASING = YES;
				CLANG_WARN_BOOL_CONVERSION = YES;
				CLANG_WARN_COMMA = YES;
				CLANG_WARN_CONSTANT_CONVERSION = YES;
				CLANG_WARN_DEPRECATED_OBJC_IMPLEMENTATIONS = YES;
				CLANG_WARN_DIRECT_OBJC_ISA_USAGE = YES_ERROR;
				CLANG_WARN_DOCUMENTATION_COMMENTS = YES;
				CLANG_WARN_EMPTY_BODY = YES;
				CLANG_WARN_ENUM_CONVERSION = YES;
				CLANG_WARN_INFINITE_RECURSION = YES;
				CLANG_WARN_INT_CONVERSION = YES;
				CLANG_WARN_NON_LITERAL_NULL_CONVERSION = YES;
				CLANG_WARN_OBJC_IMPLICIT_RETAIN_SELF = YES;
				CLANG_WARN_OBJC_LITERAL_CONVERSION = YES;
				CLANG_WARN_OBJC_ROOT_CLASS = YES_ERROR;
				CLANG_WARN_QUOTED_INCLUDE_IN_FRAMEWORK_HEADER = YES;
				CLANG_WARN_RANGE_LOOP_ANALYSIS = YES;
				CLANG_WARN_STRICT_PROTOTYPES = YES;
				CLANG_WARN_SUSPICIOUS_MOVE = YES;
				CLANG_WARN_UNGUARDED_AVAILABILITY = YES_AGGRESSIVE;
				CLANG_WARN_UNREACHABLE_CODE = YES;
				CLANG_WARN__DUPLICATE_METHOD_MATCH = YES;
				COPY_PHASE_STRIP = NO;
				DEBUG_INFORMATION_FORMAT = dwarf;
				ENABLE_STRICT_OBJC_MSGSEND = YES;
				ENABLE_TESTABILITY = YES;
				GCC_C_LANGUAGE_STANDARD = gnu11;
				GCC_DYNAMIC_NO_PIC = NO;
				GCC_NO_COMMON_BLOCKS = YES;
				GCC_OPTIMIZATION_LEVEL = 0;
				GCC_PREPROCESSOR_DEFINITIONS = (
					"DEBUG=1",
					"$(inherited)",
				);
				GCC_WARN_64_TO_32_BIT_CONVERSION = YES;
				GCC_WARN_ABOUT_RETURN_TYPE = YES_ERROR;
				GCC_WARN_UNDECLARED_SELECTOR = YES;
				GCC_WARN_UNINITIALIZED_AUTOS = YES_AGGRESSIVE;
				GCC_WARN_UNUSED_FUNCTION = YES;
				GCC_WARN_UNUSED_VARIABLE = YES;
				IPHONEOS_DEPLOYMENT_TARGET = 15.5;
				MTL_ENABLE_DEBUG_INFO = INCLUDE_SOURCE;
				MTL_FAST_MATH = YES;
				ONLY_ACTIVE_ARCH = YES;
				SDKROOT = iphoneos;
				SWIFT_ACTIVE_COMPILATION_CONDITIONS = DEBUG;
				SWIFT_OPTIMIZATION_LEVEL = "-Onone";
			};
			name = Debug;
		};
		505373E22886E7590049752F /* Release */ = {
			isa = XCBuildConfiguration;
			buildSettings = {
				ALWAYS_SEARCH_USER_PATHS = NO;
				CLANG_ANALYZER_NONNULL = YES;
				CLANG_ANALYZER_NUMBER_OBJECT_CONVERSION = YES_AGGRESSIVE;
				CLANG_CXX_LANGUAGE_STANDARD = "gnu++17";
				CLANG_ENABLE_MODULES = YES;
				CLANG_ENABLE_OBJC_ARC = YES;
				CLANG_ENABLE_OBJC_WEAK = YES;
				CLANG_WARN_BLOCK_CAPTURE_AUTORELEASING = YES;
				CLANG_WARN_BOOL_CONVERSION = YES;
				CLANG_WARN_COMMA = YES;
				CLANG_WARN_CONSTANT_CONVERSION = YES;
				CLANG_WARN_DEPRECATED_OBJC_IMPLEMENTATIONS = YES;
				CLANG_WARN_DIRECT_OBJC_ISA_USAGE = YES_ERROR;
				CLANG_WARN_DOCUMENTATION_COMMENTS = YES;
				CLANG_WARN_EMPTY_BODY = YES;
				CLANG_WARN_ENUM_CONVERSION = YES;
				CLANG_WARN_INFINITE_RECURSION = YES;
				CLANG_WARN_INT_CONVERSION = YES;
				CLANG_WARN_NON_LITERAL_NULL_CONVERSION = YES;
				CLANG_WARN_OBJC_IMPLICIT_RETAIN_SELF = YES;
				CLANG_WARN_OBJC_LITERAL_CONVERSION = YES;
				CLANG_WARN_OBJC_ROOT_CLASS = YES_ERROR;
				CLANG_WARN_QUOTED_INCLUDE_IN_FRAMEWORK_HEADER = YES;
				CLANG_WARN_RANGE_LOOP_ANALYSIS = YES;
				CLANG_WARN_STRICT_PROTOTYPES = YES;
				CLANG_WARN_SUSPICIOUS_MOVE = YES;
				CLANG_WARN_UNGUARDED_AVAILABILITY = YES_AGGRESSIVE;
				CLANG_WARN_UNREACHABLE_CODE = YES;
				CLANG_WARN__DUPLICATE_METHOD_MATCH = YES;
				COPY_PHASE_STRIP = NO;
				DEBUG_INFORMATION_FORMAT = "dwarf-with-dsym";
				ENABLE_NS_ASSERTIONS = NO;
				ENABLE_STRICT_OBJC_MSGSEND = YES;
				GCC_C_LANGUAGE_STANDARD = gnu11;
				GCC_NO_COMMON_BLOCKS = YES;
				GCC_WARN_64_TO_32_BIT_CONVERSION = YES;
				GCC_WARN_ABOUT_RETURN_TYPE = YES_ERROR;
				GCC_WARN_UNDECLARED_SELECTOR = YES;
				GCC_WARN_UNINITIALIZED_AUTOS = YES_AGGRESSIVE;
				GCC_WARN_UNUSED_FUNCTION = YES;
				GCC_WARN_UNUSED_VARIABLE = YES;
				IPHONEOS_DEPLOYMENT_TARGET = 15.5;
				MTL_ENABLE_DEBUG_INFO = NO;
				MTL_FAST_MATH = YES;
				SDKROOT = iphoneos;
				SWIFT_COMPILATION_MODE = wholemodule;
				SWIFT_OPTIMIZATION_LEVEL = "-O";
				VALIDATE_PRODUCT = YES;
			};
			name = Release;
		};
		505373E42886E7590049752F /* Debug */ = {
			isa = XCBuildConfiguration;
			buildSettings = {
				ASSETCATALOG_COMPILER_APPICON_NAME = AppIcon;
				ASSETCATALOG_COMPILER_GLOBAL_ACCENT_COLOR_NAME = AccentColor;
				CODE_SIGN_STYLE = Automatic;
				CURRENT_PROJECT_VERSION = 1;
				GENERATE_INFOPLIST_FILE = YES;
				INFOPLIST_FILE = "Day 6 NH/Info.plist";
				INFOPLIST_KEY_UIApplicationSupportsIndirectInputEvents = YES;
				INFOPLIST_KEY_UILaunchStoryboardName = LaunchScreen;
				INFOPLIST_KEY_UIMainStoryboardFile = Main;
				INFOPLIST_KEY_UISupportedInterfaceOrientations_iPad = "UIInterfaceOrientationPortrait UIInterfaceOrientationPortraitUpsideDown UIInterfaceOrientationLandscapeLeft UIInterfaceOrientationLandscapeRight";
				INFOPLIST_KEY_UISupportedInterfaceOrientations_iPhone = "UIInterfaceOrientationPortrait UIInterfaceOrientationLandscapeLeft UIInterfaceOrientationLandscapeRight";
				LD_RUNPATH_SEARCH_PATHS = (
					"$(inherited)",
					"@executable_path/Frameworks",
				);
				MARKETING_VERSION = 1.0;
				PRODUCT_BUNDLE_IDENTIFIER = "Kwk.Day-6-NH";
				PRODUCT_NAME = "$(TARGET_NAME)";
				SWIFT_EMIT_LOC_STRINGS = YES;
				SWIFT_VERSION = 5.0;
				TARGETED_DEVICE_FAMILY = "1,2";
			};
			name = Debug;
		};
		505373E52886E7590049752F /* Release */ = {
			isa = XCBuildConfiguration;
			buildSettings = {
				ASSETCATALOG_COMPILER_APPICON_NAME = AppIcon;
				ASSETCATALOG_COMPILER_GLOBAL_ACCENT_COLOR_NAME = AccentColor;
				CODE_SIGN_STYLE = Automatic;
				CURRENT_PROJECT_VERSION = 1;
				GENERATE_INFOPLIST_FILE = YES;
				INFOPLIST_FILE = "Day 6 NH/Info.plist";
				INFOPLIST_KEY_UIApplicationSupportsIndirectInputEvents = YES;
				INFOPLIST_KEY_UILaunchStoryboardName = LaunchScreen;
				INFOPLIST_KEY_UIMainStoryboardFile = Main;
				INFOPLIST_KEY_UISupportedInterfaceOrientations_iPad = "UIInterfaceOrientationPortrait UIInterfaceOrientationPortraitUpsideDown UIInterfaceOrientationLandscapeLeft UIInterfaceOrientationLandscapeRight";
				INFOPLIST_KEY_UISupportedInterfaceOrientations_iPhone = "UIInterfaceOrientationPortrait UIInterfaceOrientationLandscapeLeft UIInterfaceOrientationLandscapeRight";
				LD_RUNPATH_SEARCH_PATHS = (
					"$(inherited)",
					"@executable_path/Frameworks",
				);
				MARKETING_VERSION = 1.0;
				PRODUCT_BUNDLE_IDENTIFIER = "Kwk.Day-6-NH";
				PRODUCT_NAME = "$(TARGET_NAME)";
				SWIFT_EMIT_LOC_STRINGS = YES;
				SWIFT_VERSION = 5.0;
				TARGETED_DEVICE_FAMILY = "1,2";
			};
			name = Release;
		};
		505373E72886E7590049752F /* Debug */ = {
			isa = XCBuildConfiguration;
			buildSettings = {
				ALWAYS_EMBED_SWIFT_STANDARD_LIBRARIES = YES;
				BUNDLE_LOADER = "$(TEST_HOST)";
				CODE_SIGN_STYLE = Automatic;
				CURRENT_PROJECT_VERSION = 1;
				GENERATE_INFOPLIST_FILE = YES;
				IPHONEOS_DEPLOYMENT_TARGET = 15.5;
				MARKETING_VERSION = 1.0;
				PRODUCT_BUNDLE_IDENTIFIER = "Kwk.Day-6-NHTests";
				PRODUCT_NAME = "$(TARGET_NAME)";
				SWIFT_EMIT_LOC_STRINGS = NO;
				SWIFT_VERSION = 5.0;
				TARGETED_DEVICE_FAMILY = "1,2";
				TEST_HOST = "$(BUILT_PRODUCTS_DIR)/Day 6 NH.app/Day 6 NH";
			};
			name = Debug;
		};
		505373E82886E7590049752F /* Release */ = {
			isa = XCBuildConfiguration;
			buildSettings = {
				ALWAYS_EMBED_SWIFT_STANDARD_LIBRARIES = YES;
				BUNDLE_LOADER = "$(TEST_HOST)";
				CODE_SIGN_STYLE = Automatic;
				CURRENT_PROJECT_VERSION = 1;
				GENERATE_INFOPLIST_FILE = YES;
				IPHONEOS_DEPLOYMENT_TARGET = 15.5;
				MARKETING_VERSION = 1.0;
				PRODUCT_BUNDLE_IDENTIFIER = "Kwk.Day-6-NHTests";
				PRODUCT_NAME = "$(TARGET_NAME)";
				SWIFT_EMIT_LOC_STRINGS = NO;
				SWIFT_VERSION = 5.0;
				TARGETED_DEVICE_FAMILY = "1,2";
				TEST_HOST = "$(BUILT_PRODUCTS_DIR)/Day 6 NH.app/Day 6 NH";
			};
			name = Release;
		};
		505373EA2886E7590049752F /* Debug */ = {
			isa = XCBuildConfiguration;
			buildSettings = {
				ALWAYS_EMBED_SWIFT_STANDARD_LIBRARIES = YES;
				CODE_SIGN_STYLE = Automatic;
				CURRENT_PROJECT_VERSION = 1;
				GENERATE_INFOPLIST_FILE = YES;
				MARKETING_VERSION = 1.0;
				PRODUCT_BUNDLE_IDENTIFIER = "Kwk.Day-6-NHUITests";
				PRODUCT_NAME = "$(TARGET_NAME)";
				SWIFT_EMIT_LOC_STRINGS = NO;
				SWIFT_VERSION = 5.0;
				TARGETED_DEVICE_FAMILY = "1,2";
				TEST_TARGET_NAME = "Day 6 NH";
			};
			name = Debug;
		};
		505373EB2886E7590049752F /* Release */ = {
			isa = XCBuildConfiguration;
			buildSettings = {
				ALWAYS_EMBED_SWIFT_STANDARD_LIBRARIES = YES;
				CODE_SIGN_STYLE = Automatic;
				CURRENT_PROJECT_VERSION = 1;
				GENERATE_INFOPLIST_FILE = YES;
				MARKETING_VERSION = 1.0;
				PRODUCT_BUNDLE_IDENTIFIER = "Kwk.Day-6-NHUITests";
				PRODUCT_NAME = "$(TARGET_NAME)";
				SWIFT_EMIT_LOC_STRINGS = NO;
				SWIFT_VERSION = 5.0;
				TARGETED_DEVICE_FAMILY = "1,2";
				TEST_TARGET_NAME = "Day 6 NH";
			};
			name = Release;
		};
/* End XCBuildConfiguration section */

/* Begin XCConfigurationList section */
		505373B12886E7570049752F /* Build configuration list for PBXProject "Day 6 NH" */ = {
			isa = XCConfigurationList;
			buildConfigurations = (
				505373E12886E7590049752F /* Debug */,
				505373E22886E7590049752F /* Release */,
			);
			defaultConfigurationIsVisible = 0;
			defaultConfigurationName = Release;
		};
		505373E32886E7590049752F /* Build configuration list for PBXNativeTarget "Day 6 NH" */ = {
			isa = XCConfigurationList;
			buildConfigurations = (
				505373E42886E7590049752F /* Debug */,
				505373E52886E7590049752F /* Release */,
			);
			defaultConfigurationIsVisible = 0;
			defaultConfigurationName = Release;
		};
		505373E62886E7590049752F /* Build configuration list for PBXNativeTarget "Day 6 NHTests" */ = {
			isa = XCConfigurationList;
			buildConfigurations = (
				505373E72886E7590049752F /* Debug */,
				505373E82886E7590049752F /* Release */,
			);
			defaultConfigurationIsVisible = 0;
			defaultConfigurationName = Release;
		};
		505373E92886E7590049752F /* Build configuration list for PBXNativeTarget "Day 6 NHUITests" */ = {
			isa = XCConfigurationList;
			buildConfigurations = (
				505373EA2886E7590049752F /* Debug */,
				505373EB2886E7590049752F /* Release */,
			);
			defaultConfigurationIsVisible = 0;
			defaultConfigurationName = Release;
		};
/* End XCConfigurationList section */

/* Begin XCVersionGroup section */
		505373C22886E7570049752F /* Day_6_NH.xcdatamodeld */ = {
			isa = XCVersionGroup;
			children = (
				505373C32886E7570049752F /* Day_6_NH.xcdatamodel */,
			);
			currentVersion = 505373C32886E7570049752F /* Day_6_NH.xcdatamodel */;
			path = Day_6_NH.xcdatamodeld;
			sourceTree = "<group>";
			versionGroupType = wrapper.xcdatamodel;
		};
/* End XCVersionGroup section */
	};
	rootObject = 505373AE2886E7570049752F /* Project object */;
}
